
Microsoft Visual Studio Solution File, Format Version 12.00
# Visual Studio Version 16
VisualStudioVersion = 16.0.29926.136
MinimumVisualStudioVersion = 10.0.40219.1
Project("{9A19103F-16F7-4668-BE54-9A1E7A4F7556}") = "Actual_Useful_Things_I_Wrote_For_CSharp", "Actual_Useful_Things_I_Wrote_For_CSharp\Actual_Useful_Things_I_Wrote_For_CSharp.csproj", "{D7D1B074-996F-4667-9B77-AA870361A908}"
EndProject
Project("{FAE04EC0-301F-11D3-BF4B-00C04F79EFBC}") = "All_The_Testing", "All_The_Testing\All_The_Testing.csproj", "{C5621296-6FE7-4504-B6AE-76C740576068}"
EndProject
Global
	GlobalSection(SolutionConfigurationPlatforms) = preSolution
		Debug|Any CPU = Debug|Any CPU
		Release|Any CPU = Release|Any CPU
	EndGlobalSection
	GlobalSection(ProjectConfigurationPlatforms) = postSolution
		{D7D1B074-996F-4667-9B77-AA870361A908}.Debug|Any CPU.ActiveCfg = Debug|Any CPU
		{D7D1B074-996F-4667-9B77-AA870361A908}.Debug|Any CPU.Build.0 = Debug|Any CPU
		{D7D1B074-996F-4667-9B77-AA870361A908}.Release|Any CPU.ActiveCfg = Release|Any CPU
		{D7D1B074-996F-4667-9B77-AA870361A908}.Release|Any CPU.Build.0 = Release|Any CPU
		{C5621296-6FE7-4504-B6AE-76C740576068}.Debug|Any CPU.ActiveCfg = Debug|Any CPU
		{C5621296-6FE7-4504-B6AE-76C740576068}.Debug|Any CPU.Build.0 = Debug|Any CPU
		{C5621296-6FE7-4504-B6AE-76C740576068}.Release|Any CPU.ActiveCfg = Release|Any CPU
		{C5621296-6FE7-4504-B6AE-76C740576068}.Release|Any CPU.Build.0 = Release|Any CPU
	EndGlobalSection
	GlobalSection(SolutionProperties) = preSolution
		HideSolutionNode = FALSE
	EndGlobalSection
	GlobalSection(ExtensibilityGlobals) = postSolution
		SolutionGuid = {C6A0478E-F13E-4476-BDF7-745E46803043}
	EndGlobalSection
EndGlobal
